
Microsoft Visual Studio Solution File, Format Version 12.00
# Visual Studio 14
VisualStudioVersion = 14.0.25123.0
MinimumVisualStudioVersion = 10.0.40219.1
Project("{FAE04EC0-301F-11D3-BF4B-00C04F79EFBC}") = "SimpleYouTubeClient", "SimpleYouTubeClient\SimpleYouTubeClient.csproj", "{C83FF5B0-4174-428C-8FB4-B059C46414BE}"
EndProject
Global
	GlobalSection(SolutionConfigurationPlatforms) = preSolution
		Debug|Any CPU = Debug|Any CPU
		Release|Any CPU = Release|Any CPU
	EndGlobalSection
	GlobalSection(ProjectConfigurationPlatforms) = postSolution
		{C83FF5B0-4174-428C-8FB4-B059C46414BE}.Debug|Any CPU.ActiveCfg = Debug|Any CPU
		{C83FF5B0-4174-428C-8FB4-B059C46414BE}.Debug|Any CPU.Build.0 = Debug|Any CPU
		{C83FF5B0-4174-428C-8FB4-B059C46414BE}.Release|Any CPU.ActiveCfg = Release|Any CPU
		{C83FF5B0-4174-428C-8FB4-B059C46414BE}.Release|Any CPU.Build.0 = Release|Any CPU
	EndGlobalSection
	GlobalSection(SolutionProperties) = preSolution
		HideSolutionNode = FALSE
	EndGlobalSection
EndGlobal
